{
  "version": 4,
  "terraform_version": "1.2.4",
  "serial": 252,
  "lineage": "8b33b653-3a0f-a977-662e-cf9f3982334d",
  "outputs": {
    "po_k3s_controller_public_ip": {
      "value": "129.150.35.60",
      "type": "string"
    },
    "po_k3s_master_public_ip": {
      "value": "138.2.68.14",
      "type": "string"
    },
    "po_k3s_worker_1_public_ip": {
      "value": "129.150.60.118",
      "type": "string"
    },
    "po_k3s_worker_2_public_ip": {
      "value": "129.150.33.200",
      "type": "string"
    }
  },
  "resources": [
    {
      "mode": "data",
      "type": "oci_identity_availability_domain",
      "name": "oci_ad",
      "provider": "provider[\"registry.terraform.io/hashicorp/oci\"]",
      "instances": [
        {
          "schema_version": 0,
          "attributes": {
            "ad_number": 1,
            "compartment_id": "ocid1.tenancy.oc1..aaaaaaaarurmcs4gv2g4xr5ftinsayzxpbqwfkd52dzglpj5s5p3555icraq",
            "id": "ocid1.availabilitydomain.oc1..aaaaaaaar5i2dxxyyprdqq5egzf6m4m5xa5ywtuknisknxccvcqw4v7ps5ea",
            "name": "lKLE:AP-SINGAPORE-1-AD-1"
          },
          "sensitive_attributes": []
        }
      ]
    },
    {
      "mode": "managed",
      "type": "oci_core_dhcp_options",
      "name": "po_dhcp",
      "provider": "provider[\"registry.terraform.io/hashicorp/oci\"]",
      "instances": [
        {
          "schema_version": 0,
          "attributes": {
            "compartment_id": "ocid1.tenancy.oc1..aaaaaaaarurmcs4gv2g4xr5ftinsayzxpbqwfkd52dzglpj5s5p3555icraq",
            "defined_tags": {
              "Oracle-Tags.CreatedBy": "meogao222@gmail.com",
              "Oracle-Tags.CreatedOn": "2022-07-03T08:17:51.258Z"
            },
            "display_name": "po_dhcp",
            "domain_name_type": "CUSTOM_DOMAIN",
            "freeform_tags": {},
            "id": "ocid1.dhcpoptions.oc1.ap-singapore-1.aaaaaaaa7huyayvpafxvqkokvqymgs775nybi72sp5r2moefcstcurzt676q",
            "options": [
              {
                "custom_dns_servers": [],
                "search_domain_names": [],
                "server_type": "VcnLocalPlusInternet",
                "type": "DomainNameServer"
              }
            ],
            "state": "AVAILABLE",
            "time_created": "2022-07-03 08:17:51.282 +0000 UTC",
            "timeouts": null,
            "vcn_id": "ocid1.vcn.oc1.ap-singapore-1.amaaaaaa7d632aiambmu7pshjpcsg2th4eo5iv66te7zxlggmxxbxh56uuhq"
          },
          "sensitive_attributes": [],
          "private": "eyJlMmJmYjczMC1lY2FhLTExZTYtOGY4OC0zNDM2M2JjN2M0YzAiOnsiY3JlYXRlIjoxMjAwMDAwMDAwMDAwLCJkZWxldGUiOjEyMDAwMDAwMDAwMDAsInVwZGF0ZSI6MTIwMDAwMDAwMDAwMH19",
          "dependencies": [
            "oci_core_vcn.po_vcn"
          ]
        }
      ]
    },
    {
      "mode": "managed",
      "type": "oci_core_instance",
      "name": "po_k3s_master_1",
      "provider": "provider[\"registry.terraform.io/hashicorp/oci\"]",
      "instances": [
        {
          "schema_version": 0,
          "attributes": {
            "agent_config": [
              {
                "are_all_plugins_disabled": false,
                "is_management_disabled": false,
                "is_monitoring_disabled": false,
                "plugins_config": []
              }
            ],
            "async": null,
            "availability_config": [
              {
                "is_live_migration_preferred": false,
                "recovery_action": "RESTORE_INSTANCE"
              }
            ],
            "availability_domain": "lKLE:AP-SINGAPORE-1-AD-1",
            "boot_volume_id": "ocid1.bootvolume.oc1.ap-singapore-1.abzwsljr3vhapkeglgmig7qa6rgibufhyv7ffzlwiuthpng54zw7sihmpmaq",
            "capacity_reservation_id": null,
            "compartment_id": "ocid1.tenancy.oc1..aaaaaaaarurmcs4gv2g4xr5ftinsayzxpbqwfkd52dzglpj5s5p3555icraq",
            "create_vnic_details": [
              {
                "assign_private_dns_record": false,
                "assign_public_ip": "true",
                "defined_tags": {
                  "Oracle-Tags.CreatedBy": "meogao222@gmail.com",
                  "Oracle-Tags.CreatedOn": "2022-07-03T20:07:38.952Z"
                },
                "display_name": "po_master_1",
                "freeform_tags": {},
                "hostname_label": "",
                "nsg_ids": [],
                "private_ip": "10.0.1.201",
                "skip_source_dest_check": false,
                "subnet_id": "ocid1.subnet.oc1.ap-singapore-1.aaaaaaaaz52r7ijcut43fwlbovi3t5pxilv6z4fufsc5goj6uen2rdpjvggq",
                "vlan_id": ""
              }
            ],
            "dedicated_vm_host_id": null,
            "defined_tags": {
              "Oracle-Tags.CreatedBy": "meogao222@gmail.com",
              "Oracle-Tags.CreatedOn": "2022-07-03T20:07:38.814Z"
            },
            "display_name": "po_controller",
            "extended_metadata": {},
            "fault_domain": "FAULT-DOMAIN-3",
            "freeform_tags": {},
            "hostname_label": "",
            "id": "ocid1.instance.oc1.ap-singapore-1.anzwsljr7d632aic4q2bqwqzapyazjqjct24vrfhyx4ynbniqr45qxnbq67a",
            "image": "ocid1.image.oc1.ap-singapore-1.aaaaaaaa5fiuyidchi6v3qmdlmu7qmbgug6d22gvlzmroic3s3d5dqxr76ea",
            "instance_options": [
              {
                "are_legacy_imds_endpoints_disabled": false
              }
            ],
            "ipxe_script": null,
            "is_pv_encryption_in_transit_enabled": null,
            "launch_mode": "PARAVIRTUALIZED",
            "launch_options": [
              {
                "boot_volume_type": "PARAVIRTUALIZED",
                "firmware": "UEFI_64",
                "is_consistent_volume_naming_enabled": true,
                "is_pv_encryption_in_transit_enabled": false,
                "network_type": "PARAVIRTUALIZED",
                "remote_data_volume_type": "PARAVIRTUALIZED"
              }
            ],
            "metadata": {
              "ssh_authorized_keys": "ssh-rsa AAAAB3NzaC1yc2EAAAADAQABAAABgQCucZusQHsZtuv0SMmmY1evaOa5lNRkKBuTkBfNfrueapVXpPl1VLJIMd9oETbmwFtlmixp95Osd3GnkXDhwUCRfrJ0/ZDYWpMuvzocQy1ZPOfl+9v1efw3iNFU0iEp1rDi7tfI/IdJBYnzssY1zvoCjB6W1SnesSWhM4fSAXQ2KhgjIB7dHKHqY9uNvoI60d0E6ooJDNTyeM7DU7pgs1+Al1FWKiz0fnkp7ArjFDFSC4HUB9lstaSDpLRVUkIKSK8pI/fuuY4xbuywVEuYfWG0+Lfhg6nvpIlG+ybWXqgyqE/2FbmH42jjsGx+JwCe605srIkPyLFe/O9qFqKfnT/dyQkdROq3THXhtuZH/zH+WxwAooFTvr6gNiNlM+CeO6z0p1N5ACCFPSIuJFj0+SrBO3nrQcFaUJctXpszOzLT6hlDVebXB328zzxBY5J0B6dSnOfnUxTUK3SxLZZNZO31WCiiCAtLNF4/jOr4OKkHKwtZDBzkusVPUsuCqD8NK0U= khanhlinh@DESKTOP-MNHGNA7\r\n"
            },
            "platform_config": [],
            "preemptible_instance_config": [],
            "preserve_boot_volume": null,
            "private_ip": "10.0.1.201",
            "public_ip": "138.2.68.14",
            "region": "ap-singapore-1",
            "shape": "VM.Standard.E2.1.Micro",
            "shape_config": [
              {
                "baseline_ocpu_utilization": "",
                "gpu_description": "",
                "gpus": 0,
                "local_disk_description": "",
                "local_disks": 0,
                "local_disks_total_size_in_gbs": 0,
                "max_vnic_attachments": 1,
                "memory_in_gbs": 1,
                "networking_bandwidth_in_gbps": 0.5,
                "nvmes": 0,
                "ocpus": 1,
                "processor_description": "2.25 GHz AMD EPYC™ 7742 (Rome)"
              }
            ],
            "source_details": [
              {
                "boot_volume_size_in_gbs": "47",
                "boot_volume_vpus_per_gb": "10",
                "kms_key_id": "",
                "source_id": "ocid1.image.oc1.ap-singapore-1.aaaaaaaa5fiuyidchi6v3qmdlmu7qmbgug6d22gvlzmroic3s3d5dqxr76ea",
                "source_type": "image"
              }
            ],
            "state": "RUNNING",
            "subnet_id": "ocid1.subnet.oc1.ap-singapore-1.aaaaaaaaz52r7ijcut43fwlbovi3t5pxilv6z4fufsc5goj6uen2rdpjvggq",
            "system_tags": {
              "orcl-cloud.free-tier-retained": "true"
            },
            "time_created": "2022-07-03 20:07:39.515 +0000 UTC",
            "time_maintenance_reboot_due": "",
            "timeouts": null
          },
          "sensitive_attributes": [],
          "private": "eyJlMmJmYjczMC1lY2FhLTExZTYtOGY4OC0zNDM2M2JjN2M0YzAiOnsiY3JlYXRlIjoyNzAwMDAwMDAwMDAwLCJkZWxldGUiOjQ1MDAwMDAwMDAwMDAsInVwZGF0ZSI6MjcwMDAwMDAwMDAwMH19",
          "dependencies": [
            "data.oci_identity_availability_domain.oci_ad",
            "oci_core_subnet.po_subnet"
          ]
        }
      ]
    },
    {
      "mode": "managed",
      "type": "oci_core_instance",
      "name": "po_k3s_master_2",
      "provider": "provider[\"registry.terraform.io/hashicorp/oci\"]",
      "instances": [
        {
          "schema_version": 0,
          "attributes": {
            "agent_config": [
              {
                "are_all_plugins_disabled": false,
                "is_management_disabled": false,
                "is_monitoring_disabled": false,
                "plugins_config": []
              }
            ],
            "async": null,
            "availability_config": [
              {
                "is_live_migration_preferred": false,
                "recovery_action": "RESTORE_INSTANCE"
              }
            ],
            "availability_domain": "lKLE:AP-SINGAPORE-1-AD-1",
            "boot_volume_id": "ocid1.bootvolume.oc1.ap-singapore-1.abzwsljroeicsvujmj754gkojt6iyclffwpnee423m7us7mbo43dfx3hoxyq",
            "capacity_reservation_id": null,
            "compartment_id": "ocid1.tenancy.oc1..aaaaaaaarurmcs4gv2g4xr5ftinsayzxpbqwfkd52dzglpj5s5p3555icraq",
            "create_vnic_details": [
              {
                "assign_private_dns_record": false,
                "assign_public_ip": "true",
                "defined_tags": {
                  "Oracle-Tags.CreatedBy": "meogao222@gmail.com",
                  "Oracle-Tags.CreatedOn": "2022-07-03T15:56:44.422Z"
                },
                "display_name": "po_master_2",
                "freeform_tags": {},
                "hostname_label": "",
                "nsg_ids": [],
                "private_ip": "10.0.1.63",
                "skip_source_dest_check": false,
                "subnet_id": "ocid1.subnet.oc1.ap-singapore-1.aaaaaaaaz52r7ijcut43fwlbovi3t5pxilv6z4fufsc5goj6uen2rdpjvggq",
                "vlan_id": ""
              }
            ],
            "dedicated_vm_host_id": null,
            "defined_tags": {
              "Oracle-Tags.CreatedBy": "meogao222@gmail.com",
              "Oracle-Tags.CreatedOn": "2022-07-03T15:56:44.102Z"
            },
            "display_name": "po_master",
            "extended_metadata": {},
            "fault_domain": "FAULT-DOMAIN-3",
            "freeform_tags": {},
            "hostname_label": "",
            "id": "ocid1.instance.oc1.ap-singapore-1.anzwsljr7d632aicy5k7na5sv2woycilag27qpmc3vqu752sy2xg6i64mpqa",
            "image": "ocid1.image.oc1.ap-singapore-1.aaaaaaaa5fiuyidchi6v3qmdlmu7qmbgug6d22gvlzmroic3s3d5dqxr76ea",
            "instance_options": [
              {
                "are_legacy_imds_endpoints_disabled": false
              }
            ],
            "ipxe_script": null,
            "is_pv_encryption_in_transit_enabled": null,
            "launch_mode": "PARAVIRTUALIZED",
            "launch_options": [
              {
                "boot_volume_type": "PARAVIRTUALIZED",
                "firmware": "UEFI_64",
                "is_consistent_volume_naming_enabled": true,
                "is_pv_encryption_in_transit_enabled": false,
                "network_type": "PARAVIRTUALIZED",
                "remote_data_volume_type": "PARAVIRTUALIZED"
              }
            ],
            "metadata": {
              "ssh_authorized_keys": "ssh-rsa AAAAB3NzaC1yc2EAAAADAQABAAABgQCucZusQHsZtuv0SMmmY1evaOa5lNRkKBuTkBfNfrueapVXpPl1VLJIMd9oETbmwFtlmixp95Osd3GnkXDhwUCRfrJ0/ZDYWpMuvzocQy1ZPOfl+9v1efw3iNFU0iEp1rDi7tfI/IdJBYnzssY1zvoCjB6W1SnesSWhM4fSAXQ2KhgjIB7dHKHqY9uNvoI60d0E6ooJDNTyeM7DU7pgs1+Al1FWKiz0fnkp7ArjFDFSC4HUB9lstaSDpLRVUkIKSK8pI/fuuY4xbuywVEuYfWG0+Lfhg6nvpIlG+ybWXqgyqE/2FbmH42jjsGx+JwCe605srIkPyLFe/O9qFqKfnT/dyQkdROq3THXhtuZH/zH+WxwAooFTvr6gNiNlM+CeO6z0p1N5ACCFPSIuJFj0+SrBO3nrQcFaUJctXpszOzLT6hlDVebXB328zzxBY5J0B6dSnOfnUxTUK3SxLZZNZO31WCiiCAtLNF4/jOr4OKkHKwtZDBzkusVPUsuCqD8NK0U= khanhlinh@DESKTOP-MNHGNA7\r\n"
            },
            "platform_config": [],
            "preemptible_instance_config": [],
            "preserve_boot_volume": null,
            "private_ip": "10.0.1.63",
            "public_ip": "129.150.35.60",
            "region": "ap-singapore-1",
            "shape": "VM.Standard.E2.1.Micro",
            "shape_config": [
              {
                "baseline_ocpu_utilization": "",
                "gpu_description": "",
                "gpus": 0,
                "local_disk_description": "",
                "local_disks": 0,
                "local_disks_total_size_in_gbs": 0,
                "max_vnic_attachments": 1,
                "memory_in_gbs": 1,
                "networking_bandwidth_in_gbps": 0.5,
                "nvmes": 0,
                "ocpus": 1,
                "processor_description": "2.25 GHz AMD EPYC™ 7742 (Rome)"
              }
            ],
            "source_details": [
              {
                "boot_volume_size_in_gbs": "47",
                "boot_volume_vpus_per_gb": "10",
                "kms_key_id": "",
                "source_id": "ocid1.image.oc1.ap-singapore-1.aaaaaaaa5fiuyidchi6v3qmdlmu7qmbgug6d22gvlzmroic3s3d5dqxr76ea",
                "source_type": "image"
              }
            ],
            "state": "RUNNING",
            "subnet_id": "ocid1.subnet.oc1.ap-singapore-1.aaaaaaaaz52r7ijcut43fwlbovi3t5pxilv6z4fufsc5goj6uen2rdpjvggq",
            "system_tags": {
              "orcl-cloud.free-tier-retained": "true"
            },
            "time_created": "2022-07-03 15:56:44.8 +0000 UTC",
            "time_maintenance_reboot_due": "",
            "timeouts": null
          },
          "sensitive_attributes": [],
          "private": "eyJlMmJmYjczMC1lY2FhLTExZTYtOGY4OC0zNDM2M2JjN2M0YzAiOnsiY3JlYXRlIjoyNzAwMDAwMDAwMDAwLCJkZWxldGUiOjQ1MDAwMDAwMDAwMDAsInVwZGF0ZSI6MjcwMDAwMDAwMDAwMH19",
          "dependencies": [
            "data.oci_identity_availability_domain.oci_ad",
            "oci_core_subnet.po_subnet"
          ]
        }
      ]
    },
    {
      "mode": "managed",
      "type": "oci_core_instance",
      "name": "po_k3s_worker_1",
      "provider": "provider[\"registry.terraform.io/hashicorp/oci\"]",
      "instances": [
        {
          "schema_version": 0,
          "attributes": {
            "agent_config": [
              {
                "are_all_plugins_disabled": false,
                "is_management_disabled": false,
                "is_monitoring_disabled": false,
                "plugins_config": []
              }
            ],
            "async": null,
            "availability_config": [
              {
                "is_live_migration_preferred": false,
                "recovery_action": "RESTORE_INSTANCE"
              }
            ],
            "availability_domain": "lKLE:AP-SINGAPORE-1-AD-1",
            "boot_volume_id": "ocid1.bootvolume.oc1.ap-singapore-1.abzwsljr37y54vb5xfdrs4ufzpzs6xg4dgmdqd5lftt6hpvzptrcrre2vlrq",
            "capacity_reservation_id": null,
            "compartment_id": "ocid1.tenancy.oc1..aaaaaaaarurmcs4gv2g4xr5ftinsayzxpbqwfkd52dzglpj5s5p3555icraq",
            "create_vnic_details": [
              {
                "assign_private_dns_record": false,
                "assign_public_ip": "true",
                "defined_tags": {
                  "Oracle-Tags.CreatedBy": "meogao222@gmail.com",
                  "Oracle-Tags.CreatedOn": "2022-07-03T11:37:13.354Z"
                },
                "display_name": "po_worker_1",
                "freeform_tags": {},
                "hostname_label": "",
                "nsg_ids": [],
                "private_ip": "10.0.1.88",
                "skip_source_dest_check": false,
                "subnet_id": "ocid1.subnet.oc1.ap-singapore-1.aaaaaaaaz52r7ijcut43fwlbovi3t5pxilv6z4fufsc5goj6uen2rdpjvggq",
                "vlan_id": ""
              }
            ],
            "dedicated_vm_host_id": null,
            "defined_tags": {
              "Oracle-Tags.CreatedBy": "meogao222@gmail.com",
              "Oracle-Tags.CreatedOn": "2022-07-03T11:37:13.184Z"
            },
            "display_name": "po_worker_1",
            "extended_metadata": {},
            "fault_domain": "FAULT-DOMAIN-2",
            "freeform_tags": {},
            "hostname_label": "",
            "id": "ocid1.instance.oc1.ap-singapore-1.anzwsljr7d632aic4soou4bzmx22iu4f2h3vciij2ydcnpqoblgaej6rpg7a",
            "image": "ocid1.image.oc1.ap-singapore-1.aaaaaaaa2ff4yyggrk6coocm546r5tluzmqkf5bjndrkyhtiogd7dc6nzc4a",
            "instance_options": [
              {
                "are_legacy_imds_endpoints_disabled": false
              }
            ],
            "ipxe_script": null,
            "is_pv_encryption_in_transit_enabled": null,
            "launch_mode": "PARAVIRTUALIZED",
            "launch_options": [
              {
                "boot_volume_type": "PARAVIRTUALIZED",
                "firmware": "UEFI_64",
                "is_consistent_volume_naming_enabled": true,
                "is_pv_encryption_in_transit_enabled": false,
                "network_type": "PARAVIRTUALIZED",
                "remote_data_volume_type": "PARAVIRTUALIZED"
              }
            ],
            "metadata": {
              "ssh_authorized_keys": "ssh-rsa AAAAB3NzaC1yc2EAAAADAQABAAABgQCucZusQHsZtuv0SMmmY1evaOa5lNRkKBuTkBfNfrueapVXpPl1VLJIMd9oETbmwFtlmixp95Osd3GnkXDhwUCRfrJ0/ZDYWpMuvzocQy1ZPOfl+9v1efw3iNFU0iEp1rDi7tfI/IdJBYnzssY1zvoCjB6W1SnesSWhM4fSAXQ2KhgjIB7dHKHqY9uNvoI60d0E6ooJDNTyeM7DU7pgs1+Al1FWKiz0fnkp7ArjFDFSC4HUB9lstaSDpLRVUkIKSK8pI/fuuY4xbuywVEuYfWG0+Lfhg6nvpIlG+ybWXqgyqE/2FbmH42jjsGx+JwCe605srIkPyLFe/O9qFqKfnT/dyQkdROq3THXhtuZH/zH+WxwAooFTvr6gNiNlM+CeO6z0p1N5ACCFPSIuJFj0+SrBO3nrQcFaUJctXpszOzLT6hlDVebXB328zzxBY5J0B6dSnOfnUxTUK3SxLZZNZO31WCiiCAtLNF4/jOr4OKkHKwtZDBzkusVPUsuCqD8NK0U= khanhlinh@DESKTOP-MNHGNA7\r\n"
            },
            "platform_config": [],
            "preemptible_instance_config": [],
            "preserve_boot_volume": null,
            "private_ip": "10.0.1.88",
            "public_ip": "129.150.60.118",
            "region": "ap-singapore-1",
            "shape": "VM.Standard.A1.Flex",
            "shape_config": [
              {
                "baseline_ocpu_utilization": "",
                "gpu_description": "",
                "gpus": 0,
                "local_disk_description": "",
                "local_disks": 0,
                "local_disks_total_size_in_gbs": 0,
                "max_vnic_attachments": 2,
                "memory_in_gbs": 12,
                "networking_bandwidth_in_gbps": 2,
                "nvmes": 0,
                "ocpus": 2,
                "processor_description": "3.0 GHz Ampere® Altra™"
              }
            ],
            "source_details": [
              {
                "boot_volume_size_in_gbs": "47",
                "boot_volume_vpus_per_gb": "10",
                "kms_key_id": "",
                "source_id": "ocid1.image.oc1.ap-singapore-1.aaaaaaaa2ff4yyggrk6coocm546r5tluzmqkf5bjndrkyhtiogd7dc6nzc4a",
                "source_type": "image"
              }
            ],
            "state": "RUNNING",
            "subnet_id": "ocid1.subnet.oc1.ap-singapore-1.aaaaaaaaz52r7ijcut43fwlbovi3t5pxilv6z4fufsc5goj6uen2rdpjvggq",
            "system_tags": {},
            "time_created": "2022-07-03 11:37:14.001 +0000 UTC",
            "time_maintenance_reboot_due": "",
            "timeouts": null
          },
          "sensitive_attributes": [],
          "private": "eyJlMmJmYjczMC1lY2FhLTExZTYtOGY4OC0zNDM2M2JjN2M0YzAiOnsiY3JlYXRlIjoyNzAwMDAwMDAwMDAwLCJkZWxldGUiOjQ1MDAwMDAwMDAwMDAsInVwZGF0ZSI6MjcwMDAwMDAwMDAwMH19",
          "dependencies": [
            "data.oci_identity_availability_domain.oci_ad",
            "oci_core_dhcp_options.po_dhcp",
            "oci_core_internet_gateway.po_internet_gateway",
            "oci_core_route_table.po_route_table",
            "oci_core_security_list.po_security_list",
            "oci_core_subnet.po_subnet",
            "oci_core_vcn.po_vcn"
          ]
        }
      ]
    },
    {
      "mode": "managed",
      "type": "oci_core_instance",
      "name": "po_k3s_worker_2",
      "provider": "provider[\"registry.terraform.io/hashicorp/oci\"]",
      "instances": [
        {
          "schema_version": 0,
          "attributes": {
            "agent_config": [
              {
                "are_all_plugins_disabled": false,
                "is_management_disabled": false,
                "is_monitoring_disabled": false,
                "plugins_config": []
              }
            ],
            "async": null,
            "availability_config": [
              {
                "is_live_migration_preferred": false,
                "recovery_action": "RESTORE_INSTANCE"
              }
            ],
            "availability_domain": "lKLE:AP-SINGAPORE-1-AD-1",
            "boot_volume_id": "ocid1.bootvolume.oc1.ap-singapore-1.abzwsljr2x6gd4vktkf4jxnpd4rz67xvbomtrlg6l4hmczsq27aybcwv6ueq",
            "capacity_reservation_id": null,
            "compartment_id": "ocid1.tenancy.oc1..aaaaaaaarurmcs4gv2g4xr5ftinsayzxpbqwfkd52dzglpj5s5p3555icraq",
            "create_vnic_details": [
              {
                "assign_private_dns_record": false,
                "assign_public_ip": "true",
                "defined_tags": {
                  "Oracle-Tags.CreatedBy": "meogao222@gmail.com",
                  "Oracle-Tags.CreatedOn": "2022-07-03T11:37:13.280Z"
                },
                "display_name": "po_worker_2",
                "freeform_tags": {},
                "hostname_label": "",
                "nsg_ids": [],
                "private_ip": "10.0.1.65",
                "skip_source_dest_check": false,
                "subnet_id": "ocid1.subnet.oc1.ap-singapore-1.aaaaaaaaz52r7ijcut43fwlbovi3t5pxilv6z4fufsc5goj6uen2rdpjvggq",
                "vlan_id": ""
              }
            ],
            "dedicated_vm_host_id": null,
            "defined_tags": {
              "Oracle-Tags.CreatedBy": "meogao222@gmail.com",
              "Oracle-Tags.CreatedOn": "2022-07-03T11:37:13.147Z"
            },
            "display_name": "po_worker_2",
            "extended_metadata": {},
            "fault_domain": "FAULT-DOMAIN-2",
            "freeform_tags": {},
            "hostname_label": "",
            "id": "ocid1.instance.oc1.ap-singapore-1.anzwsljr7d632aicvalos35cbfkkq5pztgxmfg4lm5mgx4g7pb6aufacqipa",
            "image": "ocid1.image.oc1.ap-singapore-1.aaaaaaaa2ff4yyggrk6coocm546r5tluzmqkf5bjndrkyhtiogd7dc6nzc4a",
            "instance_options": [
              {
                "are_legacy_imds_endpoints_disabled": false
              }
            ],
            "ipxe_script": null,
            "is_pv_encryption_in_transit_enabled": null,
            "launch_mode": "PARAVIRTUALIZED",
            "launch_options": [
              {
                "boot_volume_type": "PARAVIRTUALIZED",
                "firmware": "UEFI_64",
                "is_consistent_volume_naming_enabled": true,
                "is_pv_encryption_in_transit_enabled": false,
                "network_type": "PARAVIRTUALIZED",
                "remote_data_volume_type": "PARAVIRTUALIZED"
              }
            ],
            "metadata": {
              "ssh_authorized_keys": "ssh-rsa AAAAB3NzaC1yc2EAAAADAQABAAABgQCucZusQHsZtuv0SMmmY1evaOa5lNRkKBuTkBfNfrueapVXpPl1VLJIMd9oETbmwFtlmixp95Osd3GnkXDhwUCRfrJ0/ZDYWpMuvzocQy1ZPOfl+9v1efw3iNFU0iEp1rDi7tfI/IdJBYnzssY1zvoCjB6W1SnesSWhM4fSAXQ2KhgjIB7dHKHqY9uNvoI60d0E6ooJDNTyeM7DU7pgs1+Al1FWKiz0fnkp7ArjFDFSC4HUB9lstaSDpLRVUkIKSK8pI/fuuY4xbuywVEuYfWG0+Lfhg6nvpIlG+ybWXqgyqE/2FbmH42jjsGx+JwCe605srIkPyLFe/O9qFqKfnT/dyQkdROq3THXhtuZH/zH+WxwAooFTvr6gNiNlM+CeO6z0p1N5ACCFPSIuJFj0+SrBO3nrQcFaUJctXpszOzLT6hlDVebXB328zzxBY5J0B6dSnOfnUxTUK3SxLZZNZO31WCiiCAtLNF4/jOr4OKkHKwtZDBzkusVPUsuCqD8NK0U= khanhlinh@DESKTOP-MNHGNA7\r\n"
            },
            "platform_config": [],
            "preemptible_instance_config": [],
            "preserve_boot_volume": null,
            "private_ip": "10.0.1.65",
            "public_ip": "129.150.33.200",
            "region": "ap-singapore-1",
            "shape": "VM.Standard.A1.Flex",
            "shape_config": [
              {
                "baseline_ocpu_utilization": "",
                "gpu_description": "",
                "gpus": 0,
                "local_disk_description": "",
                "local_disks": 0,
                "local_disks_total_size_in_gbs": 0,
                "max_vnic_attachments": 2,
                "memory_in_gbs": 12,
                "networking_bandwidth_in_gbps": 2,
                "nvmes": 0,
                "ocpus": 2,
                "processor_description": "3.0 GHz Ampere® Altra™"
              }
            ],
            "source_details": [
              {
                "boot_volume_size_in_gbs": "47",
                "boot_volume_vpus_per_gb": "10",
                "kms_key_id": "",
                "source_id": "ocid1.image.oc1.ap-singapore-1.aaaaaaaa2ff4yyggrk6coocm546r5tluzmqkf5bjndrkyhtiogd7dc6nzc4a",
                "source_type": "image"
              }
            ],
            "state": "RUNNING",
            "subnet_id": "ocid1.subnet.oc1.ap-singapore-1.aaaaaaaaz52r7ijcut43fwlbovi3t5pxilv6z4fufsc5goj6uen2rdpjvggq",
            "system_tags": {},
            "time_created": "2022-07-03 11:37:13.626 +0000 UTC",
            "time_maintenance_reboot_due": "",
            "timeouts": null
          },
          "sensitive_attributes": [],
          "private": "eyJlMmJmYjczMC1lY2FhLTExZTYtOGY4OC0zNDM2M2JjN2M0YzAiOnsiY3JlYXRlIjoyNzAwMDAwMDAwMDAwLCJkZWxldGUiOjQ1MDAwMDAwMDAwMDAsInVwZGF0ZSI6MjcwMDAwMDAwMDAwMH19",
          "dependencies": [
            "data.oci_identity_availability_domain.oci_ad",
            "oci_core_dhcp_options.po_dhcp",
            "oci_core_internet_gateway.po_internet_gateway",
            "oci_core_route_table.po_route_table",
            "oci_core_security_list.po_security_list",
            "oci_core_subnet.po_subnet",
            "oci_core_vcn.po_vcn"
          ]
        }
      ]
    },
    {
      "mode": "managed",
      "type": "oci_core_internet_gateway",
      "name": "po_internet_gateway",
      "provider": "provider[\"registry.terraform.io/hashicorp/oci\"]",
      "instances": [
        {
          "schema_version": 0,
          "attributes": {
            "compartment_id": "ocid1.tenancy.oc1..aaaaaaaarurmcs4gv2g4xr5ftinsayzxpbqwfkd52dzglpj5s5p3555icraq",
            "defined_tags": {
              "Oracle-Tags.CreatedBy": "meogao222@gmail.com",
              "Oracle-Tags.CreatedOn": "2022-07-03T08:17:51.132Z"
            },
            "display_name": "po-ig",
            "enabled": true,
            "freeform_tags": {},
            "id": "ocid1.internetgateway.oc1.ap-singapore-1.aaaaaaaaeie5im7lqcshq7zsn5l42q5flj3sqc6rhzgkic4ft6sct2kjm6ja",
            "state": "AVAILABLE",
            "time_created": "2022-07-03 08:17:51.166 +0000 UTC",
            "timeouts": null,
            "vcn_id": "ocid1.vcn.oc1.ap-singapore-1.amaaaaaa7d632aiambmu7pshjpcsg2th4eo5iv66te7zxlggmxxbxh56uuhq"
          },
          "sensitive_attributes": [],
          "private": "eyJlMmJmYjczMC1lY2FhLTExZTYtOGY4OC0zNDM2M2JjN2M0YzAiOnsiY3JlYXRlIjoxMjAwMDAwMDAwMDAwLCJkZWxldGUiOjEyMDAwMDAwMDAwMDAsInVwZGF0ZSI6MTIwMDAwMDAwMDAwMH19",
          "dependencies": [
            "oci_core_vcn.po_vcn"
          ]
        }
      ]
    },
    {
      "mode": "managed",
      "type": "oci_core_route_table",
      "name": "po_route_table",
      "provider": "provider[\"registry.terraform.io/hashicorp/oci\"]",
      "instances": [
        {
          "schema_version": 0,
          "attributes": {
            "compartment_id": "ocid1.tenancy.oc1..aaaaaaaarurmcs4gv2g4xr5ftinsayzxpbqwfkd52dzglpj5s5p3555icraq",
            "defined_tags": {
              "Oracle-Tags.CreatedBy": "meogao222@gmail.com",
              "Oracle-Tags.CreatedOn": "2022-07-03T08:17:51.690Z"
            },
            "display_name": "po-rt",
            "freeform_tags": {},
            "id": "ocid1.routetable.oc1.ap-singapore-1.aaaaaaaalgebfk4lntwisscuicakow6hbrx2rwng2nzgbfhucwy2pbvgbd7a",
            "route_rules": [
              {
                "cidr_block": "",
                "description": "",
                "destination": "0.0.0.0/0",
                "destination_type": "CIDR_BLOCK",
                "network_entity_id": "ocid1.internetgateway.oc1.ap-singapore-1.aaaaaaaaeie5im7lqcshq7zsn5l42q5flj3sqc6rhzgkic4ft6sct2kjm6ja"
              }
            ],
            "state": "AVAILABLE",
            "time_created": "2022-07-03 08:17:51.708 +0000 UTC",
            "timeouts": null,
            "vcn_id": "ocid1.vcn.oc1.ap-singapore-1.amaaaaaa7d632aiambmu7pshjpcsg2th4eo5iv66te7zxlggmxxbxh56uuhq"
          },
          "sensitive_attributes": [],
          "private": "eyJlMmJmYjczMC1lY2FhLTExZTYtOGY4OC0zNDM2M2JjN2M0YzAiOnsiY3JlYXRlIjoxMjAwMDAwMDAwMDAwLCJkZWxldGUiOjEyMDAwMDAwMDAwMDAsInVwZGF0ZSI6MTIwMDAwMDAwMDAwMH19",
          "dependencies": [
            "oci_core_internet_gateway.po_internet_gateway",
            "oci_core_vcn.po_vcn"
          ]
        }
      ]
    },
    {
      "mode": "managed",
      "type": "oci_core_security_list",
      "name": "po_security_list",
      "provider": "provider[\"registry.terraform.io/hashicorp/oci\"]",
      "instances": [
        {
          "schema_version": 0,
          "attributes": {
            "compartment_id": "ocid1.tenancy.oc1..aaaaaaaarurmcs4gv2g4xr5ftinsayzxpbqwfkd52dzglpj5s5p3555icraq",
            "defined_tags": {
              "Oracle-Tags.CreatedBy": "meogao222@gmail.com",
              "Oracle-Tags.CreatedOn": "2022-07-03T08:17:51.249Z"
            },
            "display_name": "po-sl",
            "egress_security_rules": [
              {
                "description": "",
                "destination": "0.0.0.0/0",
                "destination_type": "CIDR_BLOCK",
                "icmp_options": [],
                "protocol": "all",
                "stateless": false,
                "tcp_options": [],
                "udp_options": []
              }
            ],
            "freeform_tags": {},
            "id": "ocid1.securitylist.oc1.ap-singapore-1.aaaaaaaawmqzl7a7ldr55ygs44uact6nor44wtgoztcbnph5b3bf4fy5jikq",
            "ingress_security_rules": [
              {
                "description": "",
                "icmp_options": [
                  {
                    "code": -1,
                    "type": 3
                  }
                ],
                "protocol": "1",
                "source": "10.0.0.0/16",
                "source_type": "CIDR_BLOCK",
                "stateless": false,
                "tcp_options": [],
                "udp_options": []
              },
              {
                "description": "",
                "icmp_options": [
                  {
                    "code": 4,
                    "type": 3
                  }
                ],
                "protocol": "1",
                "source": "0.0.0.0/0",
                "source_type": "CIDR_BLOCK",
                "stateless": false,
                "tcp_options": [],
                "udp_options": []
              },
              {
                "description": "allow ssh from anywhere",
                "icmp_options": [],
                "protocol": "6",
                "source": "0.0.0.0/0",
                "source_type": "CIDR_BLOCK",
                "stateless": false,
                "tcp_options": [
                  {
                    "max": 22,
                    "min": 22,
                    "source_port_range": []
                  }
                ],
                "udp_options": []
              }
            ],
            "state": "AVAILABLE",
            "time_created": "2022-07-03 08:17:51.288 +0000 UTC",
            "timeouts": null,
            "vcn_id": "ocid1.vcn.oc1.ap-singapore-1.amaaaaaa7d632aiambmu7pshjpcsg2th4eo5iv66te7zxlggmxxbxh56uuhq"
          },
          "sensitive_attributes": [],
          "private": "eyJlMmJmYjczMC1lY2FhLTExZTYtOGY4OC0zNDM2M2JjN2M0YzAiOnsiY3JlYXRlIjoxMjAwMDAwMDAwMDAwLCJkZWxldGUiOjEyMDAwMDAwMDAwMDAsInVwZGF0ZSI6MTIwMDAwMDAwMDAwMH19",
          "dependencies": [
            "oci_core_vcn.po_vcn"
          ]
        }
      ]
    },
    {
      "mode": "managed",
      "type": "oci_core_subnet",
      "name": "po_subnet",
      "provider": "provider[\"registry.terraform.io/hashicorp/oci\"]",
      "instances": [
        {
          "schema_version": 0,
          "attributes": {
            "availability_domain": null,
            "cidr_block": "10.0.1.0/24",
            "compartment_id": "ocid1.tenancy.oc1..aaaaaaaarurmcs4gv2g4xr5ftinsayzxpbqwfkd52dzglpj5s5p3555icraq",
            "defined_tags": {
              "Oracle-Tags.CreatedBy": "meogao222@gmail.com",
              "Oracle-Tags.CreatedOn": "2022-07-03T08:17:52.102Z"
            },
            "dhcp_options_id": "ocid1.dhcpoptions.oc1.ap-singapore-1.aaaaaaaa7huyayvpafxvqkokvqymgs775nybi72sp5r2moefcstcurzt676q",
            "display_name": "po-subnet",
            "dns_label": null,
            "freeform_tags": {},
            "id": "ocid1.subnet.oc1.ap-singapore-1.aaaaaaaaz52r7ijcut43fwlbovi3t5pxilv6z4fufsc5goj6uen2rdpjvggq",
            "ipv6cidr_block": null,
            "ipv6cidr_blocks": [],
            "ipv6virtual_router_ip": null,
            "prohibit_internet_ingress": false,
            "prohibit_public_ip_on_vnic": false,
            "route_table_id": "ocid1.routetable.oc1.ap-singapore-1.aaaaaaaalgebfk4lntwisscuicakow6hbrx2rwng2nzgbfhucwy2pbvgbd7a",
            "security_list_ids": [
              "ocid1.securitylist.oc1.ap-singapore-1.aaaaaaaawmqzl7a7ldr55ygs44uact6nor44wtgoztcbnph5b3bf4fy5jikq"
            ],
            "state": "AVAILABLE",
            "subnet_domain_name": null,
            "time_created": "2022-07-03 08:17:52.153 +0000 UTC",
            "timeouts": null,
            "vcn_id": "ocid1.vcn.oc1.ap-singapore-1.amaaaaaa7d632aiambmu7pshjpcsg2th4eo5iv66te7zxlggmxxbxh56uuhq",
            "virtual_router_ip": "10.0.1.1",
            "virtual_router_mac": "00:00:17:A4:C1:98"
          },
          "sensitive_attributes": [],
          "private": "eyJlMmJmYjczMC1lY2FhLTExZTYtOGY4OC0zNDM2M2JjN2M0YzAiOnsiY3JlYXRlIjoxMjAwMDAwMDAwMDAwLCJkZWxldGUiOjEyMDAwMDAwMDAwMDAsInVwZGF0ZSI6MTIwMDAwMDAwMDAwMH19",
          "dependencies": [
            "oci_core_dhcp_options.po_dhcp",
            "oci_core_internet_gateway.po_internet_gateway",
            "oci_core_route_table.po_route_table",
            "oci_core_security_list.po_security_list",
            "oci_core_vcn.po_vcn"
          ]
        }
      ]
    },
    {
      "mode": "managed",
      "type": "oci_core_vcn",
      "name": "po_vcn",
      "provider": "provider[\"registry.terraform.io/hashicorp/oci\"]",
      "instances": [
        {
          "schema_version": 0,
          "attributes": {
            "byoipv6cidr_blocks": [],
            "byoipv6cidr_details": [],
            "cidr_block": "10.0.0.0/16",
            "cidr_blocks": [
              "10.0.0.0/16"
            ],
            "compartment_id": "ocid1.tenancy.oc1..aaaaaaaarurmcs4gv2g4xr5ftinsayzxpbqwfkd52dzglpj5s5p3555icraq",
            "default_dhcp_options_id": "ocid1.dhcpoptions.oc1.ap-singapore-1.aaaaaaaab6wynbxcfzzualludusgeum2khenxocu2srgzprkyqk4r5t3exla",
            "default_route_table_id": "ocid1.routetable.oc1.ap-singapore-1.aaaaaaaat25xtwph2dbthjbbuqabt3nulb26gddpov33uy5trxfh2u4uenmq",
            "default_security_list_id": "ocid1.securitylist.oc1.ap-singapore-1.aaaaaaaa6yc3guudsbjg6wjwcpa2bm5jk35732pqcgoh6zkft3tzzypcgqna",
            "defined_tags": {
              "Oracle-Tags.CreatedBy": "meogao222@gmail.com",
              "Oracle-Tags.CreatedOn": "2022-07-03T08:17:50.559Z"
            },
            "display_name": "po-vcn",
            "dns_label": null,
            "freeform_tags": {},
            "id": "ocid1.vcn.oc1.ap-singapore-1.amaaaaaa7d632aiambmu7pshjpcsg2th4eo5iv66te7zxlggmxxbxh56uuhq",
            "ipv6cidr_blocks": [],
            "ipv6private_cidr_blocks": [],
            "is_ipv6enabled": false,
            "is_oracle_gua_allocation_enabled": null,
            "state": "AVAILABLE",
            "time_created": "2022-07-03 08:17:50.665 +0000 UTC",
            "timeouts": null,
            "vcn_domain_name": null
          },
          "sensitive_attributes": [],
          "private": "eyJlMmJmYjczMC1lY2FhLTExZTYtOGY4OC0zNDM2M2JjN2M0YzAiOnsiY3JlYXRlIjoxMjAwMDAwMDAwMDAwLCJkZWxldGUiOjEyMDAwMDAwMDAwMDAsInVwZGF0ZSI6MTIwMDAwMDAwMDAwMH19"
        }
      ]
    }
  ]
}
